<?xml version="1.0" encoding="utf-8"?>
<Project ToolsVersion="4.0" xmlns="http://schemas.microsoft.com/developer/msbuild/2003">
  <ItemGroup>
    <Filter Include="Source Files">
      <UniqueIdentifier>{4FC737F1-C7A5-4376-A066-2A32D752A2FF}</UniqueIdentifier>
      <Extensions>cpp;c;cc;cxx;def;odl;idl;hpj;bat;asm;asmx</Extensions>
    </Filter>
    <Filter Include="Header Files">
      <UniqueIdentifier>{93995380-89BD-4b04-88EB-625FBE52EBFB}</UniqueIdentifier>
      <Extensions>h;hh;hpp;hxx;hm;inl;inc;ipp;xsd</Extensions>
    </Filter>
    <Filter Include="Resource Files">
      <UniqueIdentifier>{67DA6AB6-F800-4c08-8B7A-83BB121AAD01}</UniqueIdentifier>
      <Extensions>rc;ico;cur;bmp;dlg;rc2;rct;bin;rgs;gif;jpg;jpeg;jpe;resx;tiff;tif;png;wav;mfcribbon-ms</Extensions>
    </Filter>
    <Filter Include="Source Files\common">
      <UniqueIdentifier>{c9054c2d-93b2-4ce3-9735-16ff46466f26}</UniqueIdentifier>
    </Filter>
    <Filter Include="Header Files\common">
      <UniqueIdentifier>{7f0e4093-bcbd-4032-b7fa-f260c6e8f182}</UniqueIdentifier>
    </Filter>
    <Filter Include="Source Files\ui">
      <UniqueIdentifier>{7f59b801-3232-499b-aa17-577e592c3b6b}</UniqueIdentifier>
    </Filter>
    <Filter Include="Header Files\ui">
      <UniqueIdentifier>{88071a20-2997-4d86-9036-70ea9191b117}</UniqueIdentifier>
    </Filter>
    <Filter Include="MetaObjects">
      <UniqueIdentifier>{2b25a0a3-9561-4b9a-a977-a1fa6185f35b}</UniqueIdentifier>
    </Filter>
  </ItemGroup>
  <ItemGroup>
    <ClInclude Include="..\common\build.h">
      <Filter>Header Files\common</Filter>
    </ClInclude>
    <ClInclude Include="..\common\chaos.h">
      <Filter>Header Files\common</Filter>
    </ClInclude>
    <ClInclude Include="..\common\crc64.h">
      <Filter>Header Files\common</Filter>
    </ClInclude>
    <ClInclude Include="..\common\dwr.h">
      <Filter>Header Files\common</Filter>
    </ClInclude>
    <ClInclude Include="..\common\dwr_types.h">
      <Filter>Header Files\common</Filter>
    </ClInclude>
    <ClInclude Include="..\common\map.h">
      <Filter>Header Files\common</Filter>
    </ClInclude>
    <ClInclude Include="..\common\mt64.h">
      <Filter>Header Files\common</Filter>
    </ClInclude>
    <ClInclude Include="..\common\patch.h">
      <Filter>Header Files\common</Filter>
    </ClInclude>
    <ClInclude Include="..\common\sprites.h">
      <Filter>Header Files\common</Filter>
    </ClInclude>
  </ItemGroup>
  <ItemGroup>
    <ClCompile Include="..\common\chaos.c">
      <Filter>Source Files\common</Filter>
    </ClCompile>
    <ClCompile Include="..\common\crc64.c">
      <Filter>Source Files\common</Filter>
    </ClCompile>
    <ClCompile Include="..\common\dwr.c">
      <Filter>Source Files\common</Filter>
    </ClCompile>
    <ClCompile Include="..\common\map.c">
      <Filter>Source Files\common</Filter>
    </ClCompile>
    <ClCompile Include="..\common\mt19937-64.c">
      <Filter>Source Files\common</Filter>
    </ClCompile>
    <ClCompile Include="..\common\patch.c">
      <Filter>Source Files\common</Filter>
    </ClCompile>
    <ClCompile Include="..\common\sprites.c">
      <Filter>Source Files\common</Filter>
    </ClCompile>
    <ClCompile Include="..\ui\main.cpp">
      <Filter>Source Files\ui</Filter>
    </ClCompile>
    <ClCompile Include="..\ui\main-window.cpp">
      <Filter>Source Files\ui</Filter>
    </ClCompile>
    <ClCompile Include="..\ui\widgets.cpp">
      <Filter>Source Files\ui</Filter>
    </ClCompile>
    <ClCompile Include="MetaObjects\moc_main-window.cpp">
      <Filter>MetaObjects</Filter>
    </ClCompile>
    <ClCompile Include="MetaObjects\moc_widgets.cpp">
      <Filter>MetaObjects</Filter>
    </ClCompile>
  </ItemGroup>
  <ItemGroup>
    <CustomBuild Include="..\ui\main-window.h">
      <Filter>Header Files\ui</Filter>
    </CustomBuild>
    <CustomBuild Include="..\ui\widgets.h">
      <Filter>Header Files</Filter>
    </CustomBuild>
  </ItemGroup>
</Project>